// !$*UTF8*$!
{
	archiveVersion = 1;
	classes = {
	};
	objectVersion = 46;
	objects = {

/* Begin PBXBuildFile section */
		5AC373831B868238003038A5 /* AppDelegate.swift in Sources */ = {isa = PBXBuildFile; fileRef = 5AC373821B868238003038A5 /* AppDelegate.swift */; };
		5AC373851B868238003038A5 /* ViewController.swift in Sources */ = {isa = PBXBuildFile; fileRef = 5AC373841B868238003038A5 /* ViewController.swift */; };
		5AC373871B868238003038A5 /* Assets.xcassets in Resources */ = {isa = PBXBuildFile; fileRef = 5AC373861B868238003038A5 /* Assets.xcassets */; };
		5AC3738A1B868238003038A5 /* Main.storyboard in Resources */ = {isa = PBXBuildFile; fileRef = 5AC373881B868238003038A5 /* Main.storyboard */; };
/* End PBXBuildFile section */

/* Begin PBXFileReference section */
		5AC3737F1B868238003038A5 /* cheapo.app */ = {isa = PBXFileReference; explicitFileType = wrapper.application; includeInIndex = 0; path = cheapo.app; sourceTree = BUILT_PRODUCTS_DIR; };
		5AC373821B868238003038A5 /* AppDelegate.swift */ = {isa = PBXFileReference; lastKnownFileType = sourcecode.swift; path = AppDelegate.swift; sourceTree = "<group>"; };
		5AC373841B868238003038A5 /* ViewController.swift */ = {isa = PBXFileReference; lastKnownFileType = sourcecode.swift; path = ViewController.swift; sourceTree = "<group>"; };
		5AC373861B868238003038A5 /* Assets.xcassets */ = {isa = PBXFileReference; lastKnownFileType = folder.assetcatalog; path = Assets.xcassets; sourceTree = "<group>"; };
		5AC373891B868238003038A5 /* Base */ = {isa = PBXFileReference; lastKnownFileType = file.storyboard; name = Base; path = Base.lproj/Main.storyboard; sourceTree = "<group>"; };
		5AC3738B1B868238003038A5 /* Info.plist */ = {isa = PBXFileReference; lastKnownFileType = text.plist.xml; path = Info.plist; sourceTree = "<group>"; };
/* End PBXFileReference section */

/* Begin PBXFrameworksBuildPhase section */
		5AC3737C1B868238003038A5 /* Frameworks */ = {
			isa = PBXFrameworksBuildPhase;
			buildActionMask = 2147483647;
			files = (
			);
			runOnlyForDeploymentPostprocessing = 0;
		};
/* End PBXFrameworksBuildPhase section */

/* Begin PBXGroup section */
		5AC373761B868238003038A5 = {
			isa = PBXGroup;
			children = (
				5AC373811B868238003038A5 /* cheapo */,
				5AC373801B868238003038A5 /* Products */,
			);
			sourceTree = "<group>";
		};
		5AC373801B868238003038A5 /* Products */ = {
			isa = PBXGroup;
			children = (
				5AC3737F1B868238003038A5 /* cheapo.app */,
			);
			name = Products;
			sourceTree = "<group>";
		};
		5AC373811B868238003038A5 /* cheapo */ = {
			isa = PBXGroup;
			children = (
				5AC373821B868238003038A5 /* AppDelegate.swift */,
				5AC373841B868238003038A5 /* ViewController.swift */,
				5AC373861B868238003038A5 /* Assets.xcassets */,
				5AC373881B868238003038A5 /* Main.storyboard */,
				5AC3738B1B868238003038A5 /* Info.plist */,
			);
			path = cheapo;
			sourceTree = "<group>";
		};
/* End PBXGroup section */

/* Begin PBXNativeTarget section */
		5AC3737E1B868238003038A5 /* cheapo */ = {
			isa = PBXNativeTarget;
			buildConfigurationList = 5AC3738E1B868238003038A5 /* Build configuration list for PBXNativeTarget "cheapo" */;
			buildPhases = (
				5AC3737B1B868238003038A5 /* Sources */,
				5AC3737C1B868238003038A5 /* Frameworks */,
				5AC3737D1B868238003038A5 /* Resources */,
			);
			buildRules = (
			);
			dependencies = (
			);
			name = cheapo;
			productName = cheapo;
			productReference = 5AC3737F1B868238003038A5 /* cheapo.app */;
			productType = "com.apple.product-type.application";
		};
/* End PBXNativeTarget section */

/* Begin PBXProject section */
		5AC373771B868238003038A5 /* Project object */ = {
			isa = PBXProject;
			attributes = {
				LastUpgradeCheck = 0700;
				ORGANIZATIONNAME = "Jae Hoon Lee";
				TargetAttributes = {
					5AC3737E1B868238003038A5 = {
						CreatedOnToolsVersion = 7.0;
					};
				};
			};
			buildConfigurationList = 5AC3737A1B868238003038A5 /* Build configuration list for PBXProject "cheapo" */;
			compatibilityVersion = "Xcode 3.2";
			developmentRegion = English;
			hasScannedForEncodings = 0;
			knownRegions = (
				en,
				Base,
			);
			mainGroup = 5AC373761B868238003038A5;
			productRefGroup = 5AC373801B868238003038A5 /* Products */;
			projectDirPath = "";
			projectRoot = "";
			targets = (
				5AC3737E1B868238003038A5 /* cheapo */,
			);
		};
/* End PBXProject section */

/* Begin PBXResourcesBuildPhase section */
		5AC3737D1B868238003038A5 /* Resources */ = {
			isa = PBXResourcesBuildPhase;
			buildActionMask = 2147483647;
			files = (
				5AC373871B868238003038A5 /* Assets.xcassets in Resources */,
				5AC3738A1B868238003038A5 /* Main.storyboard in Resources */,
			);
			runOnlyForDeploymentPostprocessing = 0;
		};
/* End PBXResourcesBuildPhase section */

/* Begin PBXSourcesBuildPhase section */
		5AC3737B1B868238003038A5 /* Sources */ = {
			isa = PBXSourcesBuildPhase;
			buildActionMask = 2147483647;
			files = (
				5AC373851B868238003038A5 /* ViewController.swift in Sources */,
				5AC373831B868238003038A5 /* AppDelegate.swift in Sources */,
			);
			runOnlyForDeploymentPostprocessing = 0;
		};
/* End PBXSourcesBuildPhase section */

/* Begin PBXVariantGroup section */
		5AC373881B868238003038A5 /* Main.storyboard */ = {
			isa = PBXVariantGroup;
			children = (
				5AC373891B868238003038A5 /* Base */,
			);
			name = Main.storyboard;
			sourceTree = "<group>";
		};
/* End PBXVariantGroup section */

/* Begin XCBuildConfiguration section */
		5AC3738C1B868238003038A5 /* Debug */ = {
			isa = XCBuildConfiguration;
			buildSettings = {
				ALWAYS_SEARCH_USER_PATHS = NO;
				CLANG_CXX_LANGUAGE_STANDARD = "gnu++0x";
				CLANG_CXX_LIBRARY = "libc++";
				CLANG_ENABLE_MODULES = YES;
				CLANG_ENABLE_OBJC_ARC = YES;
				CLANG_WARN_BOOL_CONVERSION = YES;
				CLANG_WARN_CONSTANT_CONVERSION = YES;
				CLANG_WARN_DIRECT_OBJC_ISA_USAGE = YES_ERROR;
				CLANG_WARN_EMPTY_BODY = YES;
				CLANG_WARN_ENUM_CONVERSION = YES;
				CLANG_WARN_INT_CONVERSION = YES;
				CLANG_WARN_OBJC_ROOT_CLASS = YES_ERROR;
				CLANG_WARN_UNREACHABLE_CODE = YES;
				CLANG_WARN__DUPLICATE_METHOD_MATCH = YES;
				CODE_SIGN_IDENTITY = "-";
				COPY_PHASE_STRIP = NO;
				DEBUG_INFORMATION_FORMAT = dwarf;
				ENABLE_STRICT_OBJC_MSGSEND = YES;
				ENABLE_TESTABILITY = YES;
				GCC_C_LANGUAGE_STANDARD = gnu99;
				GCC_DYNAMIC_NO_PIC = NO;
				GCC_NO_COMMON_BLOCKS = YES;
				GCC_OPTIMIZATION_LEVEL = 0;
				GCC_PREPROCESSOR_DEFINITIONS = (
					"DEBUG=1",
					"$(inherited)",
				);
				GCC_WARN_64_TO_32_BIT_CONVERSION = YES;
				GCC_WARN_ABOUT_RETURN_TYPE = YES_ERROR;
				GCC_WARN_UNDECLARED_SELECTOR = YES;
				GCC_WARN_UNINITIALIZED_AUTOS = YES_AGGRESSIVE;
				GCC_WARN_UNUSED_FUNCTION = YES;
				GCC_WARN_UNUSED_VARIABLE = YES;
				MACOSX_DEPLOYMENT_TARGET = 10.11;
				MTL_ENABLE_DEBUG_INFO = YES;
				ONLY_ACTIVE_ARCH = YES;
				SDKROOT = macosx;
				SWIFT_OPTIMIZATION_LEVEL = "-Onone";
			};
			name = Debug;
		};
		5AC3738D1B868238003038A5 /* Release */ = {
			isa = XCBuildConfiguration;
			buildSettings = {
				ALWAYS_SEARCH_USER_PATHS = NO;
				CLANG_CXX_LANGUAGE_STANDARD = "gnu++0x";
				CLANG_CXX_LIBRARY = "libc++";
				CLANG_ENABLE_MODULES = YES;
				CLANG_ENABLE_OBJC_ARC = YES;
				CLANG_WARN_BOOL_CONVERSION = YES;
				CLANG_WARN_CONSTANT_CONVERSION = YES;
				CLANG_WARN_DIRECT_OBJC_ISA_USAGE = YES_ERROR;
				CLANG_WARN_EMPTY_BODY = YES;
				CLANG_WARN_ENUM_CONVERSION = YES;
				CLANG_WARN_INT_CONVERSION = YES;
				CLANG_WARN_OBJC_ROOT_CLASS = YES_ERROR;
				CLANG_WARN_UNREACHABLE_CODE = YES;
				CLANG_WARN__DUPLICATE_METHOD_MATCH = YES;
				CODE_SIGN_IDENTITY = "-";
				COPY_PHASE_STRIP = NO;
				DEBUG_INFORMATION_FORMAT = "dwarf-with-dsym";
				ENABLE_NS_ASSERTIONS = NO;
				ENABLE_STRICT_OBJC_MSGSEND = YES;
				GCC_C_LANGUAGE_STANDARD = gnu99;
				GCC_NO_COMMON_BLOCKS = YES;
				GCC_WARN_64_TO_32_BIT_CONVERSION = YES;
				GCC_WARN_ABOUT_RETURN_TYPE = YES_ERROR;
				GCC_WARN_UNDECLARED_SELECTOR = YES;
				GCC_WARN_UNINITIALIZED_AUTOS = YES_AGGRESSIVE;
				GCC_WARN_UNUSED_FUNCTION = YES;
				GCC_WARN_UNUSED_VARIABLE = YES;
				MACOSX_DEPLOYMENT_TARGET = 10.11;
				MTL_ENABLE_DEBUG_INFO = NO;
				SDKROOT = macosx;
			};
			name = Release;
		};
		5AC3738F1B868238003038A5 /* Debug */ = {
			isa = XCBuildConfiguration;
			buildSettings = {
				ASSETCATALOG_COMPILER_APPICON_NAME = AppIcon;
				COMBINE_HIDPI_IMAGES = YES;
				INFOPLIST_FILE = cheapo/Info.plist;
				LD_RUNPATH_SEARCH_PATHS = "$(inherited) @executable_path/../Frameworks";
				PRODUCT_BUNDLE_IDENTIFIER = com.andyrewlee.cheapo;
				PRODUCT_NAME = "$(TARGET_NAME)";
			};
			name = Debug;
		};
		5AC373901B868238003038A5 /* Release */ = {
			isa = XCBuildConfiguration;
			buildSettings = {
				ASSETCATALOG_COMPILER_APPICON_NAME = AppIcon;
				COMBINE_HIDPI_IMAGES = YES;
				INFOPLIST_FILE = cheapo/Info.plist;
				LD_RUNPATH_SEARCH_PATHS = "$(inherited) @executable_path/../Frameworks";
				PRODUCT_BUNDLE_IDENTIFIER = com.andyrewlee.cheapo;
				PRODUCT_NAME = "$(TARGET_NAME)";
			};
			name = Release;
		};
/* End XCBuildConfiguration section */

/* Begin XCConfigurationList section */
		5AC3737A1B868238003038A5 /* Build configuration list for PBXProject "cheapo" */ = {
			isa = XCConfigurationList;
			buildConfigurations = (
				5AC3738C1B868238003038A5 /* Debug */,
				5AC3738D1B868238003038A5 /* Release */,
			);
			defaultConfigurationIsVisible = 0;
			defaultConfigurationName = Release;
		};
		5AC3738E1B868238003038A5 /* Build configuration list for PBXNativeTarget "cheapo" */ = {
			isa = XCConfigurationList;
			buildConfigurations = (
				5AC3738F1B868238003038A5 /* Debug */,
				5AC373901B868238003038A5 /* Release */,
			);
			defaultConfigurationIsVisible = 0;
		};
/* End XCConfigurationList section */
	};
	rootObject = 5AC373771B868238003038A5 /* Project object */;
}
